
Microsoft Visual Studio Solution File, Format Version 12.00
# Visual Studio 15
VisualStudioVersion = 15.0.28307.329
MinimumVisualStudioVersion = 10.0.40219.1
Project("{FAE04EC0-301F-11D3-BF4B-00C04F79EFBC}") = "ConsoleApp1", "ConsoleApp1\ConsoleApp1.csproj", "{ED9AD16D-2987-44AD-84EC-C0A21CC16432}"
EndProject
Global
	GlobalSection(SolutionConfigurationPlatforms) = preSolution
		Debug|Any CPU = Debug|Any CPU
		Release|Any CPU = Release|Any CPU
	EndGlobalSection
	GlobalSection(ProjectConfigurationPlatforms) = postSolution
		{ED9AD16D-2987-44AD-84EC-C0A21CC16432}.Debug|Any CPU.ActiveCfg = Debug|Any CPU
		{ED9AD16D-2987-44AD-84EC-C0A21CC16432}.Debug|Any CPU.Build.0 = Debug|Any CPU
		{ED9AD16D-2987-44AD-84EC-C0A21CC16432}.Release|Any CPU.ActiveCfg = Release|Any CPU
		{ED9AD16D-2987-44AD-84EC-C0A21CC16432}.Release|Any CPU.Build.0 = Release|Any CPU
	EndGlobalSection
	GlobalSection(SolutionProperties) = preSolution
		HideSolutionNode = FALSE
	EndGlobalSection
	GlobalSection(ExtensibilityGlobals) = postSolution
		SolutionGuid = {EFE12BEF-9C02-47F4-90E4-743B55913C2A}
	EndGlobalSection
EndGlobal
